{
  "requires": true,
  "lockfileVersion": 1,
  "dependencies": {
    "ng-social-links": {
      "version": "2.0.1",
      "resolved": "https://registry.npmjs.org/ng-social-links/-/ng-social-links-2.0.1.tgz",
      "integrity": "sha512-GsGjSv5ORXP7oZwqQ1RNATObTMQ6ceh2cT45+S1zzNlC2l5r7hOmT4vLuxQZHDIZ5SB1HSN+9B7Rr6olRtA2sQ==",
      "requires": {
        "tslib": "^2.0.0"
      }
    },
    "tslib": {
      "version": "2.1.0",
      "resolved": "https://registry.npmjs.org/tslib/-/tslib-2.1.0.tgz",
      "integrity": "sha512-hcVC3wYEziELGGmEEXue7D75zbwIIVUMWAVbHItGPx0ziyXxrOMQx4rQEVEV45Ut/1IotuEvwqPopzIOkDMf0A=="
    }
  }
}
